
Microsoft Visual Studio Solution File, Format Version 12.00
# Visual Studio Version 17
VisualStudioVersion = 17.4.33122.133
MinimumVisualStudioVersion = 10.0.40219.1
Project("{FAE04EC0-301F-11D3-BF4B-00C04F79EFBC}") = "SlojenieMatrix", "SlojenieMatrix.csproj", "{3B920D26-C5DF-47DA-9819-7CC2506A39F8}"
EndProject
Global
	GlobalSection(SolutionConfigurationPlatforms) = preSolution
		Debug|Any CPU = Debug|Any CPU
		Release|Any CPU = Release|Any CPU
	EndGlobalSection
	GlobalSection(ProjectConfigurationPlatforms) = postSolution
		{3B920D26-C5DF-47DA-9819-7CC2506A39F8}.Debug|Any CPU.ActiveCfg = Debug|Any CPU
		{3B920D26-C5DF-47DA-9819-7CC2506A39F8}.Debug|Any CPU.Build.0 = Debug|Any CPU
		{3B920D26-C5DF-47DA-9819-7CC2506A39F8}.Release|Any CPU.ActiveCfg = Release|Any CPU
		{3B920D26-C5DF-47DA-9819-7CC2506A39F8}.Release|Any CPU.Build.0 = Release|Any CPU
	EndGlobalSection
	GlobalSection(SolutionProperties) = preSolution
		HideSolutionNode = FALSE
	EndGlobalSection
	GlobalSection(ExtensibilityGlobals) = postSolution
		SolutionGuid = {EADE027A-8689-4B64-B925-81958F38BF73}
	EndGlobalSection
EndGlobal
